
Microsoft Visual Studio Solution File, Format Version 12.00
# Visual Studio Version 17
VisualStudioVersion = 17.4.33213.308
MinimumVisualStudioVersion = 10.0.40219.1
Project("{FAE04EC0-301F-11D3-BF4B-00C04F79EFBC}") = "HelloWorld", "HelloWorld\HelloWorld.csproj", "{2F1E0260-111D-4F75-84D8-A50AE777F011}"
EndProject
Global
	GlobalSection(SolutionConfigurationPlatforms) = preSolution
		Debug|Any CPU = Debug|Any CPU
		Release|Any CPU = Release|Any CPU
	EndGlobalSection
	GlobalSection(ProjectConfigurationPlatforms) = postSolution
		{2F1E0260-111D-4F75-84D8-A50AE777F011}.Debug|Any CPU.ActiveCfg = Debug|Any CPU
		{2F1E0260-111D-4F75-84D8-A50AE777F011}.Debug|Any CPU.Build.0 = Debug|Any CPU
		{2F1E0260-111D-4F75-84D8-A50AE777F011}.Release|Any CPU.ActiveCfg = Release|Any CPU
		{2F1E0260-111D-4F75-84D8-A50AE777F011}.Release|Any CPU.Build.0 = Release|Any CPU
	EndGlobalSection
	GlobalSection(SolutionProperties) = preSolution
		HideSolutionNode = FALSE
	EndGlobalSection
	GlobalSection(ExtensibilityGlobals) = postSolution
		SolutionGuid = {EC5E9F52-F525-4A1E-B5EE-6D5BA3B8CA80}
	EndGlobalSection
EndGlobal
